{
  "version": "3",
  "remote": {
    "https://deno.land/std@0.205.0/assert/_constants.ts": "8a9da298c26750b28b326b297316cdde860bc237533b07e1337c021379e6b2a9",
    "https://deno.land/std@0.205.0/assert/_diff.ts": "58e1461cc61d8eb1eacbf2a010932bf6a05b79344b02ca38095f9b805795dc48",
    "https://deno.land/std@0.205.0/assert/_format.ts": "a69126e8a469009adf4cf2a50af889aca364c349797e63174884a52ff75cf4c7",
    "https://deno.land/std@0.205.0/assert/assert.ts": "9a97dad6d98c238938e7540736b826440ad8c1c1e54430ca4c4e623e585607ee",
    "https://deno.land/std@0.205.0/assert/assert_almost_equals.ts": "e15ca1f34d0d5e0afae63b3f5d975cbd18335a132e42b0c747d282f62ad2cd6c",
    "https://deno.land/std@0.205.0/assert/assert_array_includes.ts": "6856d7f2c3544bc6e62fb4646dfefa3d1df5ff14744d1bca19f0cbaf3b0d66c9",
    "https://deno.land/std@0.205.0/assert/assert_equals.ts": "d8ec8a22447fbaf2fc9d7c3ed2e66790fdb74beae3e482855d75782218d68227",
    "https://deno.land/std@0.205.0/assert/assert_exists.ts": "407cb6b9fb23a835cd8d5ad804e2e2edbbbf3870e322d53f79e1c7a512e2efd7",
    "https://deno.land/std@0.205.0/assert/assert_false.ts": "0ccbcaae910f52c857192ff16ea08bda40fdc79de80846c206bfc061e8c851c6",
    "https://deno.land/std@0.205.0/assert/assert_greater.ts": "ae2158a2d19313bf675bf7251d31c6dc52973edb12ac64ac8fc7064152af3e63",
    "https://deno.land/std@0.205.0/assert/assert_greater_or_equal.ts": "1439da5ebbe20855446cac50097ac78b9742abe8e9a43e7de1ce1426d556e89c",
    "https://deno.land/std@0.205.0/assert/assert_instance_of.ts": "3aedb3d8186e120812d2b3a5dea66a6e42bf8c57a8bd927645770bd21eea554c",
    "https://deno.land/std@0.205.0/assert/assert_is_error.ts": "c21113094a51a296ffaf036767d616a78a2ae5f9f7bbd464cd0197476498b94b",
    "https://deno.land/std@0.205.0/assert/assert_less.ts": "aec695db57db42ec3e2b62e97e1e93db0063f5a6ec133326cc290ff4b71b47e4",
    "https://deno.land/std@0.205.0/assert/assert_less_or_equal.ts": "5fa8b6a3ffa20fd0a05032fe7257bf985d207b85685fdbcd23651b70f928c848",
    "https://deno.land/std@0.205.0/assert/assert_match.ts": "c4083f80600bc190309903c95e397a7c9257ff8b5ae5c7ef91e834704e672e9b",
    "https://deno.land/std@0.205.0/assert/assert_not_equals.ts": "9f1acab95bd1f5fc9a1b17b8027d894509a745d91bac1718fdab51dc76831754",
    "https://deno.land/std@0.205.0/assert/assert_not_instance_of.ts": "0c14d3dfd9ab7a5276ed8ed0b18c703d79a3d106102077ec437bfe7ed912bd22",
    "https://deno.land/std@0.205.0/assert/assert_not_match.ts": "3796a5b0c57a1ce6c1c57883dd4286be13a26f715ea662318ab43a8491a13ab0",
    "https://deno.land/std@0.205.0/assert/assert_not_strict_equals.ts": "ca6c6d645e95fbc873d25320efeb8c4c6089a9a5e09f92d7c1c4b6e935c2a6ad",
    "https://deno.land/std@0.205.0/assert/assert_object_match.ts": "d8fc2867cfd92eeacf9cea621e10336b666de1874a6767b5ec48988838370b54",
    "https://deno.land/std@0.205.0/assert/assert_rejects.ts": "45c59724de2701e3b1f67c391d6c71c392363635aad3f68a1b3408f9efca0057",
    "https://deno.land/std@0.205.0/assert/assert_strict_equals.ts": "b1f538a7ea5f8348aeca261d4f9ca603127c665e0f2bbfeb91fa272787c87265",
    "https://deno.land/std@0.205.0/assert/assert_string_includes.ts": "b821d39ebf5cb0200a348863c86d8c4c4b398e02012ce74ad15666fc4b631b0c",
    "https://deno.land/std@0.205.0/assert/assert_throws.ts": "63784e951475cb7bdfd59878cd25a0931e18f6dc32a6077c454b2cd94f4f4bcd",
    "https://deno.land/std@0.205.0/assert/assertion_error.ts": "4d0bde9b374dfbcbe8ac23f54f567b77024fb67dbb1906a852d67fe050d42f56",
    "https://deno.land/std@0.205.0/assert/equal.ts": "9f1a46d5993966d2596c44e5858eec821859b45f783a5ee2f7a695dfc12d8ece",
    "https://deno.land/std@0.205.0/assert/fail.ts": "c36353d7ae6e1f7933d45f8ea51e358c8c4b67d7e7502028598fe1fea062e278",
    "https://deno.land/std@0.205.0/assert/mod.ts": "37c49a26aae2b254bbe25723434dc28cd7532e444cf0b481a97c045d110ec085",
    "https://deno.land/std@0.205.0/assert/unimplemented.ts": "d56fbeecb1f108331a380f72e3e010a1f161baa6956fd0f7cf3e095ae1a4c75a",
    "https://deno.land/std@0.205.0/assert/unreachable.ts": "4600dc0baf7d9c15a7f7d234f00c23bca8f3eba8b140286aaca7aa998cf9a536",
    "https://deno.land/std@0.205.0/async/deferred.ts": "42790112f36a75a57db4a96d33974a936deb7b04d25c6084a9fa8a49f135def8",
    "https://deno.land/std@0.205.0/bytes/concat.ts": "d26d6f3d7922e6d663dacfcd357563b7bf4a380ce5b9c2bbe0c8586662f25ce2",
    "https://deno.land/std@0.205.0/bytes/copy.ts": "939d89e302a9761dcf1d9c937c7711174ed74c59eef40a1e4569a05c9de88219",
    "https://deno.land/std@0.205.0/bytes/equals.ts": "fc190cce412b2136979181b163ec7e05f7e7a947e39102eee4b8c0d62519ddf9",
    "https://deno.land/std@0.205.0/bytes/index_of_needle.ts": "9c06610e9611b5647ac25952e71a22e09227c9f1b8cbeeb33399bf8bf8a7f649",
    "https://deno.land/std@0.205.0/bytes/last_index_of_needle.ts": "f1602f221c3b678bc4f1e1c88a70a15ab7da32c21751dbbc6c957c956951d784",
    "https://deno.land/std@0.205.0/bytes/starts_with.ts": "3e607a70c9c09f5140b7a7f17a695221abcc7244d20af3eb47ccbb63f5885135",
    "https://deno.land/std@0.205.0/fmt/colors.ts": "c51c4642678eb690dcf5ffee5918b675bf01a33fba82acf303701ae1a4f8c8d9",
    "https://deno.land/std@0.205.0/io/buf_reader.ts": "f7a43953b05eecbaea56ebcb654035bc91e117d6986a0b2d346c1d0de1d4dac4",
    "https://deno.land/std@0.205.0/io/buffer.ts": "2108faba32659e5a390bb59b1b4578ff0120b185d9310dd6fbf3b3a3d5775715",
    "https://deno.land/std@0.205.0/path/_common/assert_path.ts": "061e4d093d4ba5aebceb2c4da3318bfe3289e868570e9d3a8e327d91c2958946",
    "https://deno.land/std@0.205.0/path/_common/constants.ts": "e49961f6f4f48039c0dfed3c3f93e963ca3d92791c9d478ac5b43183413136e0",
    "https://deno.land/std@0.205.0/path/_common/normalize.ts": "2ba7fb4cc9fafb0f38028f434179579ce61d4d9e51296fad22b701c3d3cd7397",
    "https://deno.land/std@0.205.0/path/_common/normalize_string.ts": "88c472f28ae49525f9fe82de8c8816d93442d46a30d6bb5063b07ff8a89ff589",
    "https://deno.land/std@0.205.0/path/_os.ts": "30b0c2875f360c9296dbe6b7f2d528f0f9c741cecad2e97f803f5219e91b40a2",
    "https://deno.land/std@0.205.0/path/join.ts": "98d3d76c819af4a11a81d5ba2dbb319f1ce9d63fc2b615597d4bcfddd4a89a09",
    "https://deno.land/std@0.205.0/path/posix/_util.ts": "ecf49560fedd7dd376c6156cc5565cad97c1abe9824f4417adebc7acc36c93e5",
    "https://deno.land/std@0.205.0/path/posix/join.ts": "0c0d84bdc344876930126640011ec1b888e6facf74153ffad9ef26813aa2a076",
    "https://deno.land/std@0.205.0/path/posix/normalize.ts": "11de90a94ab7148cc46e5a288f7d732aade1d616bc8c862f5560fa18ff987b4b",
    "https://deno.land/std@0.205.0/path/windows/_util.ts": "f32b9444554c8863b9b4814025c700492a2b57ff2369d015360970a1b1099d54",
    "https://deno.land/std@0.205.0/path/windows/join.ts": "e6600bf88edeeef4e2276e155b8de1d5dec0435fd526ba2dc4d37986b2882f16",
    "https://deno.land/std@0.205.0/path/windows/normalize.ts": "9deebbf40c81ef540b7b945d4ccd7a6a2c5a5992f791e6d3377043031e164e69",
    "https://deno.land/std@0.205.0/streams/reader_from_stream_reader.ts": "53dfdb6c608005eb9e0610a9f9cbc51c66f34a519363f1abd4e8a09ab4ad8f9e",
    "https://deno.land/std@0.205.0/streams/text_line_stream.ts": "0f2c4b33a5fdb2476f2e060974cba1347cefe99a4af33c28a57524b1a34750fa",
    "https://deno.land/std@0.205.0/streams/to_array_buffer.ts": "de5803ef98cf2bfd8eeaaa17ae4f4d0364377bd6f6e425110e7010c1cb48196b",
    "https://deno.land/std@0.205.0/streams/write_all.ts": "4cdd36256f892fe7aead46338054f6ea813a63765e87bda4c60e8c5a57d1c5c1",
    "https://deno.land/std@0.205.0/yaml/_dumper/dumper.ts": "717403d0e700de783f2ef5c906b3d7245383e1509fc050e7ff5d4a53a03dbf40",
    "https://deno.land/std@0.205.0/yaml/_dumper/dumper_state.ts": "f0d0673ceea288334061ca34b63954c2bb5feb5bf6de5e4cfe9a942cdf6e5efe",
    "https://deno.land/std@0.205.0/yaml/_error.ts": "b59e2c76ce5a47b1b9fa0ff9f96c1dd92ea1e1b17ce4347ece5944a95c3c1a84",
    "https://deno.land/std@0.205.0/yaml/_mark.ts": "dcd8585dee585e024475e9f3fe27d29740670fb64ebb970388094cad0fc11d5d",
    "https://deno.land/std@0.205.0/yaml/_state.ts": "ef03d55ec235d48dcfbecc0ab3ade90bfae69a61094846e08003421c2cf5cfc6",
    "https://deno.land/std@0.205.0/yaml/_type/binary.ts": "24d49614463a7339a8a16d894919c2ec18a10588ae360ec352093b60e2cc8b0d",
    "https://deno.land/std@0.205.0/yaml/_type/bool.ts": "5bfa75da84343d45347b521ba4e5aeace9fe6f53447405290d53315a3fc20e66",
    "https://deno.land/std@0.205.0/yaml/_type/float.ts": "056bd3cb9c5586238b20517511014fb24b0e36f98f9f6073e12da308b6b9808a",
    "https://deno.land/std@0.205.0/yaml/_type/function.ts": "ff574fe84a750695302864e1c31b93f12d14ada4bde79a5f93197fc33ad17471",
    "https://deno.land/std@0.205.0/yaml/_type/int.ts": "563ad074f0fa7aecf6b6c3d84135bcc95a8269dcc15de878de20ce868fd773fa",
    "https://deno.land/std@0.205.0/yaml/_type/map.ts": "7b105e4ab03a361c61e7e335a0baf4d40f06460b13920e5af3fb2783a1464000",
    "https://deno.land/std@0.205.0/yaml/_type/merge.ts": "8192bf3e4d637f32567917f48bb276043da9cf729cf594e5ec191f7cd229337e",
    "https://deno.land/std@0.205.0/yaml/_type/mod.ts": "060e2b3d38725094b77ea3a3f05fc7e671fced8e67ca18e525be98c4aa8f4bbb",
    "https://deno.land/std@0.205.0/yaml/_type/nil.ts": "606e8f0c44d73117c81abec822f89ef81e40f712258c74f186baa1af659b8887",
    "https://deno.land/std@0.205.0/yaml/_type/omap.ts": "cfe59a294726f5cea705c39a61fd2b08199cf48f4ccd6b040cb550ec0f38d0a1",
    "https://deno.land/std@0.205.0/yaml/_type/pairs.ts": "0032fdfe57558d21696a4f8cf5b5cfd1f698743177080affc18629685c905666",
    "https://deno.land/std@0.205.0/yaml/_type/regexp.ts": "1ce118de15b2da43b4bd8e4395f42d448b731acf3bdaf7c888f40789f9a95f8b",
    "https://deno.land/std@0.205.0/yaml/_type/seq.ts": "95333abeec8a7e4d967b8c8328b269e342a4bbdd2585395549b9c4f58c8533a2",
    "https://deno.land/std@0.205.0/yaml/_type/set.ts": "f28ba44e632ef2a6eb580486fd47a460445eeddbdf1dbc739c3e62486f566092",
    "https://deno.land/std@0.205.0/yaml/_type/str.ts": "a67a3c6e429d95041399e964015511779b1130ea5889fa257c48457bd3446e31",
    "https://deno.land/std@0.205.0/yaml/_type/timestamp.ts": "706ea80a76a73e48efaeb400ace087da1f927647b53ad6f754f4e06d51af087f",
    "https://deno.land/std@0.205.0/yaml/_type/undefined.ts": "94a316ca450597ccbc6750cbd79097ad0d5f3a019797eed3c841a040c29540ba",
    "https://deno.land/std@0.205.0/yaml/_utils.ts": "26b311f0d42a7ce025060bd6320a68b50e52fd24a839581eb31734cd48e20393",
    "https://deno.land/std@0.205.0/yaml/schema.ts": "96908b78dc50c340074b93fc1598d5e7e2fe59103f89ff81e5a49b2dedf77a67",
    "https://deno.land/std@0.205.0/yaml/schema/core.ts": "fa406f18ceedc87a50e28bb90ec7a4c09eebb337f94ef17468349794fa828639",
    "https://deno.land/std@0.205.0/yaml/schema/default.ts": "0047e80ae8a4a93293bc4c557ae8a546aabd46bb7165b9d9b940d57b4d88bde9",
    "https://deno.land/std@0.205.0/yaml/schema/extended.ts": "0784416bf062d20a1626b53c03380e265b3e39b9409afb9f4cb7d659fd71e60d",
    "https://deno.land/std@0.205.0/yaml/schema/failsafe.ts": "d219ab5febc43f770917d8ec37735a4b1ad671149846cbdcade767832b42b92b",
    "https://deno.land/std@0.205.0/yaml/schema/json.ts": "5f41dd7c2f1ad545ef6238633ce9ee3d444dfc5a18101e1768bd5504bf90e5e5",
    "https://deno.land/std@0.205.0/yaml/schema/mod.ts": "4472e827bab5025e92bc2eb2eeefa70ecbefc64b2799b765c69af84822efef32",
    "https://deno.land/std@0.205.0/yaml/stringify.ts": "fffc09c65c68d3d63f8159e8cbaa3f489bc20a8e55b4fbb61a8c2e9f914d1d02",
    "https://deno.land/std@0.205.0/yaml/type.ts": "65553da3da3c029b6589c6e4903f0afbea6768be8fca61580711457151f2b30f",
    "https://deno.land/x/typebox_deno@0.31.22/examples/formats/date-time.ts": "4beab17465395a2a0a3a79fbf0419554cf4849d7369e076a9e815b46cf5898bb",
    "https://deno.land/x/typebox_deno@0.31.22/examples/formats/date.ts": "c3ca8e9f8c2e73727d8d3d17210d99c949555cd9836d8dbaa9e5b9d201912934",
    "https://deno.land/x/typebox_deno@0.31.22/examples/formats/email.ts": "812a1f3e9d4d30fcca92262df884ef025ff6ebb9f8929d1abc41fedf112085a4",
    "https://deno.land/x/typebox_deno@0.31.22/examples/formats/index.ts": "7c95e1c046e1f742f26bdd597dbe027d3a5013ee56df24dc167de00bfe85b785",
    "https://deno.land/x/typebox_deno@0.31.22/examples/formats/ipv4.ts": "fc24f380d8b415b12544f85307bba12a433940b7f7025a360a120c62322a1ff9",
    "https://deno.land/x/typebox_deno@0.31.22/examples/formats/ipv6.ts": "5961e8564437c4956f97642039e21d1a90eb97ef7082076ee163c5f2f715e890",
    "https://deno.land/x/typebox_deno@0.31.22/examples/formats/time.ts": "a9fa758f5ec6243ffca17c7e09ddbf2136493db504ac8c64a05e292345b9da5c",
    "https://deno.land/x/typebox_deno@0.31.22/examples/formats/url.ts": "6d969cbeda727d668b92f75c9b600f1763e4b094c72215f9854450060a9705a4",
    "https://deno.land/x/typebox_deno@0.31.22/examples/formats/uuid.ts": "607ac4578b244a70debce29430b5b2f5f1c777e8f656506db474c3ec2de3ede6",
    "https://deno.land/x/typebox_deno@0.31.22/src/compiler/compiler.ts": "ee57acedcd76fd9994bdbe70886313666c83c00b3a8d60aa983ac09a0ee88c1c",
    "https://deno.land/x/typebox_deno@0.31.22/src/compiler/index.ts": "8bbfc0061cc761c81cae35bb70947480cb97da09a7314f532417d08588242392",
    "https://deno.land/x/typebox_deno@0.31.22/src/errors/errors.ts": "5e2841e9be74105d7a2f1aa74811d3d028c6754cf25353f115b76116ed5baf1c",
    "https://deno.land/x/typebox_deno@0.31.22/src/errors/index.ts": "636e3df280211e703b5f936433ae97d5bd78c82b3362e9e58eea697f89e4e7ae",
    "https://deno.land/x/typebox_deno@0.31.22/src/system/index.ts": "933fc0606785d489dbef779a78f3ea834ac56e140a0fe15bc243d974bc61de1a",
    "https://deno.land/x/typebox_deno@0.31.22/src/system/system.ts": "613774840b745a3c8969d83953ec8fd52684b1bb4552841956262e3e0dfcd4ef",
    "https://deno.land/x/typebox_deno@0.31.22/src/typebox.ts": "24dc82d4c93843634f33c34c19d2a225edf4513d0682cd62da27aca28e60af7f",
    "https://deno.land/x/typebox_deno@0.31.22/src/value/cast.ts": "b7f0d98078fccb6b6a70df1cab9e03ad64984b1c7b6c8cd284745bd54ea39b71",
    "https://deno.land/x/typebox_deno@0.31.22/src/value/check.ts": "2e5eadb73d195e84aae3398d0a1119d4b49f659c05575ee3742e155d88feb053",
    "https://deno.land/x/typebox_deno@0.31.22/src/value/clone.ts": "49255dddbeef67d2758abfeb9e063620df56635c5b8e53345c8919a9ec50d675",
    "https://deno.land/x/typebox_deno@0.31.22/src/value/convert.ts": "1f295a1d377dec435ca4ee3717acb60ccba11952856c3446c4c3eb5559745d59",
    "https://deno.land/x/typebox_deno@0.31.22/src/value/create.ts": "7b764340ab3441a17d980fa7141e17f12d4161634bf786a554792c851c0840c8",
    "https://deno.land/x/typebox_deno@0.31.22/src/value/delta.ts": "0700030cb6e349e7b79961579bd6f0ef4b5ad956867dde28c10b467fe1a7844f",
    "https://deno.land/x/typebox_deno@0.31.22/src/value/deref.ts": "a8ac79224e26005661e97b88e10bdf3006d9c4a14c09102904ada6d3b67c5962",
    "https://deno.land/x/typebox_deno@0.31.22/src/value/equal.ts": "a2fbc5e7190e5617322fe886068789bc84eb558f0b2eed02dfc52baa0b9518a4",
    "https://deno.land/x/typebox_deno@0.31.22/src/value/guard.ts": "b72494ab6a105c822bbb7ee576bb13d3d9f30499ec5ed9d8a205f9994d27ed23",
    "https://deno.land/x/typebox_deno@0.31.22/src/value/hash.ts": "4df9a87a294e7ca692b3631dc2192a63b039e85ddc69e71a6b8bdd8cefd510f3",
    "https://deno.land/x/typebox_deno@0.31.22/src/value/index.ts": "b3113ab878b623f89aaafecb7e71ae06dc9a77c8f98524f5d38afd3a82589d3b",
    "https://deno.land/x/typebox_deno@0.31.22/src/value/mutate.ts": "aa41b5916c2c18ed926d2cd6c3bfb74bbb715e3f2239e1f4e5bde6c1c92adbca",
    "https://deno.land/x/typebox_deno@0.31.22/src/value/pointer.ts": "e3768e6513e2c4466c78c4816dafa4eb42865c219910221f58aa3e2246ddd41d",
    "https://deno.land/x/typebox_deno@0.31.22/src/value/transform.ts": "0018f72fc1f2d29b60ccc3d03b3de517a2d61ae278f858d1ec34c4312e4df430",
    "https://deno.land/x/typebox_deno@0.31.22/src/value/value.ts": "173557ba37d2302672b2fe91c66998f226959c856646f964b74e71a5a68c0269",
    "https://deno.land/x/utils@2.18.4/deps/std_streams.ts": "f5cd442e588e9625fedb1fb5af28996f041a1b184d429899b64b3b529797eff9",
    "https://deno.land/x/utils@2.18.4/deps/typebox.ts": "3265a769678708e62ed74ef08b68d76e77bfaf78ce1eaedd1073b069b20edbe2",
    "https://deno.land/x/utils@2.18.4/exec_utils.ts": "b34e28fbe90c4fa27e3fc9462fe9040011f9bce1c575035374dbb7ddb0fe306d",
    "https://deno.land/x/utils@2.18.4/logger.ts": "98cfccfdff5aedfae8dbfa0d283b56df7bcbfb0a693be3c74cca4a62409b0265",
    "https://deno.land/x/utils@2.18.4/typebox_utils.ts": "33ea1a619f0e9b03b1d50f34de6d8c1778450d54884c21179ef6c6a5a0222ed9",
    "https://esm.sh/type-plus@7.6.0?pin=v135": "7e96d751bfdf08678ca3cd7b5dc8fe3c7e952ce837e6e22fc17c8070c0d16c9a",
    "https://esm.sh/v135/is-buffer@2.0.5/denonext/is-buffer.mjs": "87d027d2c668d773b7037bd49fc1c12ed6af26b9f176aacf338c7901237b8867",
    "https://esm.sh/v135/tersify@3.12.1/denonext/tersify.mjs": "20e9bbd50dcfb97d8b429efee570d02c7133181e956f270e9262bab2c2e82c2f",
    "https://esm.sh/v135/type-plus@7.6.0/denonext/type-plus.mjs": "aa6901cfe20c957b63f695e3c676321ca823bbfc9d2ce5d153acfc67956556b4",
    "https://esm.sh/v135/unpartial@1.0.5/denonext/unpartial.mjs": "e619813bffd895d31b5ee803e533eacb2e6c4c7f5cdba2516ac132c36dbf5966"
  }
}
